Microsoft Visual Studio Solution File, Format Version 12.00
# Visual Studio Version 17
VisualStudioVersion = 17.5.2.0
MinimumVisualStudioVersion = 10.0.40219.1
Project("{FAE04EC0-301F-11D3-BF4B-00C04F79EFBC}") = "WeatherAPIWrapper", "WeatherAPIWrapper.csproj", "{A5361E3C-7942-C638-3BDB-442DB199A57E}"
EndProject
Global
	GlobalSection(SolutionConfigurationPlatforms) = preSolution
		Debug|Any CPU = Debug|Any CPU
		Release|Any CPU = Release|Any CPU
	EndGlobalSection
	GlobalSection(ProjectConfigurationPlatforms) = postSolution
		{A5361E3C-7942-C638-3BDB-442DB199A57E}.Debug|Any CPU.ActiveCfg = Debug|Any CPU
		{A5361E3C-7942-C638-3BDB-442DB199A57E}.Debug|Any CPU.Build.0 = Debug|Any CPU
		{A5361E3C-7942-C638-3BDB-442DB199A57E}.Release|Any CPU.ActiveCfg = Release|Any CPU
		{A5361E3C-7942-C638-3BDB-442DB199A57E}.Release|Any CPU.Build.0 = Release|Any CPU
	EndGlobalSection
	GlobalSection(SolutionProperties) = preSolution
		HideSolutionNode = FALSE
	EndGlobalSection
	GlobalSection(ExtensibilityGlobals) = postSolution
		SolutionGuid = {855EDD74-6667-4AFD-AC70-99E59CFBF37E}
	EndGlobalSection
EndGlobal
